// !$*UTF8*$!
{
	archiveVersion = 1;
	classes = {
	};
	objectVersion = 56;
	objects = {

/* Begin PBXBuildFile section */
		E2C70E2F2BA355F000F2ED56 /* AppDelegate.swift in Sources */ = {isa = PBXBuildFile; fileRef = E2C70E2E2BA355F000F2ED56 /* AppDelegate.swift */; };
		E2C70E312BA355F000F2ED56 /* SceneDelegate.swift in Sources */ = {isa = PBXBuildFile; fileRef = E2C70E302BA355F000F2ED56 /* SceneDelegate.swift */; };
		E2C70E332BA355F000F2ED56 /* ViewController.swift in Sources */ = {isa = PBXBuildFile; fileRef = E2C70E322BA355F000F2ED56 /* ViewController.swift */; };
		E2C70E362BA355F000F2ED56 /* Base in Resources */ = {isa = PBXBuildFile; fileRef = E2C70E352BA355F000F2ED56 /* Base */; };
		E2C70E382BA355F200F2ED56 /* Assets.xcassets in Resources */ = {isa = PBXBuildFile; fileRef = E2C70E372BA355F200F2ED56 /* Assets.xcassets */; };
		E2C70E3B2BA355F200F2ED56 /* Base in Resources */ = {isa = PBXBuildFile; fileRef = E2C70E3A2BA355F200F2ED56 /* Base */; };
		E2C70E462BA355F200F2ED56 /* lab7_GPSTests.swift in Sources */ = {isa = PBXBuildFile; fileRef = E2C70E452BA355F200F2ED56 /* lab7_GPSTests.swift */; };
		E2C70E502BA355F200F2ED56 /* lab7_GPSUITests.swift in Sources */ = {isa = PBXBuildFile; fileRef = E2C70E4F2BA355F200F2ED56 /* lab7_GPSUITests.swift */; };
		E2C70E522BA355F200F2ED56 /* lab7_GPSUITestsLaunchTests.swift in Sources */ = {isa = PBXBuildFile; fileRef = E2C70E512BA355F200F2ED56 /* lab7_GPSUITestsLaunchTests.swift */; };
/* End PBXBuildFile section */

/* Begin PBXContainerItemProxy section */
		E2C70E422BA355F200F2ED56 /* PBXContainerItemProxy */ = {
			isa = PBXContainerItemProxy;
			containerPortal = E2C70E232BA355F000F2ED56 /* Project object */;
			proxyType = 1;
			remoteGlobalIDString = E2C70E2A2BA355F000F2ED56;
			remoteInfo = "lab7 GPS";
		};
		E2C70E4C2BA355F200F2ED56 /* PBXContainerItemProxy */ = {
			isa = PBXContainerItemProxy;
			containerPortal = E2C70E232BA355F000F2ED56 /* Project object */;
			proxyType = 1;
			remoteGlobalIDString = E2C70E2A2BA355F000F2ED56;
			remoteInfo = "lab7 GPS";
		};
/* End PBXContainerItemProxy section */

/* Begin PBXFileReference section */
		E2C70E2B2BA355F000F2ED56 /* lab7 GPS.app */ = {isa = PBXFileReference; explicitFileType = wrapper.application; includeInIndex = 0; path = "lab7 GPS.app"; sourceTree = BUILT_PRODUCTS_DIR; };
		E2C70E2E2BA355F000F2ED56 /* AppDelegate.swift */ = {isa = PBXFileReference; lastKnownFileType = sourcecode.swift; path = AppDelegate.swift; sourceTree = "<group>"; };
		E2C70E302BA355F000F2ED56 /* SceneDelegate.swift */ = {isa = PBXFileReference; lastKnownFileType = sourcecode.swift; path = SceneDelegate.swift; sourceTree = "<group>"; };
		E2C70E322BA355F000F2ED56 /* ViewController.swift */ = {isa = PBXFileReference; lastKnownFileType = sourcecode.swift; path = ViewController.swift; sourceTree = "<group>"; };
		E2C70E352BA355F000F2ED56 /* Base */ = {isa = PBXFileReference; lastKnownFileType = file.storyboard; name = Base; path = Base.lproj/Main.storyboard; sourceTree = "<group>"; };
		E2C70E372BA355F200F2ED56 /* Assets.xcassets */ = {isa = PBXFileReference; lastKnownFileType = folder.assetcatalog; path = Assets.xcassets; sourceTree = "<group>"; };
		E2C70E3A2BA355F200F2ED56 /* Base */ = {isa = PBXFileReference; lastKnownFileType = file.storyboard; name = Base; path = Base.lproj/LaunchScreen.storyboard; sourceTree = "<group>"; };
		E2C70E3C2BA355F200F2ED56 /* Info.plist */ = {isa = PBXFileReference; lastKnownFileType = text.plist.xml; path = Info.plist; sourceTree = "<group>"; };
		E2C70E412BA355F200F2ED56 /* lab7 GPSTests.xctest */ = {isa = PBXFileReference; explicitFileType = wrapper.cfbundle; includeInIndex = 0; path = "lab7 GPSTests.xctest"; sourceTree = BUILT_PRODUCTS_DIR; };
		E2C70E452BA355F200F2ED56 /* lab7_GPSTests.swift */ = {isa = PBXFileReference; lastKnownFileType = sourcecode.swift; path = lab7_GPSTests.swift; sourceTree = "<group>"; };
		E2C70E4B2BA355F200F2ED56 /* lab7 GPSUITests.xctest */ = {isa = PBXFileReference; explicitFileType = wrapper.cfbundle; includeInIndex = 0; path = "lab7 GPSUITests.xctest"; sourceTree = BUILT_PRODUCTS_DIR; };
		E2C70E4F2BA355F200F2ED56 /* lab7_GPSUITests.swift */ = {isa = PBXFileReference; lastKnownFileType = sourcecode.swift; path = lab7_GPSUITests.swift; sourceTree = "<group>"; };
		E2C70E512BA355F200F2ED56 /* lab7_GPSUITestsLaunchTests.swift */ = {isa = PBXFileReference; lastKnownFileType = sourcecode.swift; path = lab7_GPSUITestsLaunchTests.swift; sourceTree = "<group>"; };
/* End PBXFileReference section */

/* Begin PBXFrameworksBuildPhase section */
		E2C70E282BA355F000F2ED56 /* Frameworks */ = {
			isa = PBXFrameworksBuildPhase;
			buildActionMask = 2147483647;
			files = (
			);
			runOnlyForDeploymentPostprocessing = 0;
		};
		E2C70E3E2BA355F200F2ED56 /* Frameworks */ = {
			isa = PBXFrameworksBuildPhase;
			buildActionMask = 2147483647;
			files = (
			);
			runOnlyForDeploymentPostprocessing = 0;
		};
		E2C70E482BA355F200F2ED56 /* Frameworks */ = {
			isa = PBXFrameworksBuildPhase;
			buildActionMask = 2147483647;
			files = (
			);
			runOnlyForDeploymentPostprocessing = 0;
		};
/* End PBXFrameworksBuildPhase section */

/* Begin PBXGroup section */
		E2C70E222BA355F000F2ED56 = {
			isa = PBXGroup;
			children = (
				E2C70E2D2BA355F000F2ED56 /* lab7 GPS */,
				E2C70E442BA355F200F2ED56 /* lab7 GPSTests */,
				E2C70E4E2BA355F200F2ED56 /* lab7 GPSUITests */,
				E2C70E2C2BA355F000F2ED56 /* Products */,
			);
			sourceTree = "<group>";
		};
		E2C70E2C2BA355F000F2ED56 /* Products */ = {
			isa = PBXGroup;
			children = (
				E2C70E2B2BA355F000F2ED56 /* lab7 GPS.app */,
				E2C70E412BA355F200F2ED56 /* lab7 GPSTests.xctest */,
				E2C70E4B2BA355F200F2ED56 /* lab7 GPSUITests.xctest */,
			);
			name = Products;
			sourceTree = "<group>";
		};
		E2C70E2D2BA355F000F2ED56 /* lab7 GPS */ = {
			isa = PBXGroup;
			children = (
				E2C70E2E2BA355F000F2ED56 /* AppDelegate.swift */,
				E2C70E302BA355F000F2ED56 /* SceneDelegate.swift */,
				E2C70E322BA355F000F2ED56 /* ViewController.swift */,
				E2C70E342BA355F000F2ED56 /* Main.storyboard */,
				E2C70E372BA355F200F2ED56 /* Assets.xcassets */,
				E2C70E392BA355F200F2ED56 /* LaunchScreen.storyboard */,
				E2C70E3C2BA355F200F2ED56 /* Info.plist */,
			);
			path = "lab7 GPS";
			sourceTree = "<group>";
		};
		E2C70E442BA355F200F2ED56 /* lab7 GPSTests */ = {
			isa = PBXGroup;
			children = (
				E2C70E452BA355F200F2ED56 /* lab7_GPSTests.swift */,
			);
			path = "lab7 GPSTests";
			sourceTree = "<group>";
		};
		E2C70E4E2BA355F200F2ED56 /* lab7 GPSUITests */ = {
			isa = PBXGroup;
			children = (
				E2C70E4F2BA355F200F2ED56 /* lab7_GPSUITests.swift */,
				E2C70E512BA355F200F2ED56 /* lab7_GPSUITestsLaunchTests.swift */,
			);
			path = "lab7 GPSUITests";
			sourceTree = "<group>";
		};
/* End PBXGroup section */

/* Begin PBXNativeTarget section */
		E2C70E2A2BA355F000F2ED56 /* lab7 GPS */ = {
			isa = PBXNativeTarget;
			buildConfigurationList = E2C70E552BA355F200F2ED56 /* Build configuration list for PBXNativeTarget "lab7 GPS" */;
			buildPhases = (
				E2C70E272BA355F000F2ED56 /* Sources */,
				E2C70E282BA355F000F2ED56 /* Frameworks */,
				E2C70E292BA355F000F2ED56 /* Resources */,
			);
			buildRules = (
			);
			dependencies = (
			);
			name = "lab7 GPS";
			productName = "lab7 GPS";
			productReference = E2C70E2B2BA355F000F2ED56 /* lab7 GPS.app */;
			productType = "com.apple.product-type.application";
		};
		E2C70E402BA355F200F2ED56 /* lab7 GPSTests */ = {
			isa = PBXNativeTarget;
			buildConfigurationList = E2C70E582BA355F200F2ED56 /* Build configuration list for PBXNativeTarget "lab7 GPSTests" */;
			buildPhases = (
				E2C70E3D2BA355F200F2ED56 /* Sources */,
				E2C70E3E2BA355F200F2ED56 /* Frameworks */,
				E2C70E3F2BA355F200F2ED56 /* Resources */,
			);
			buildRules = (
			);
			dependencies = (
				E2C70E432BA355F200F2ED56 /* PBXTargetDependency */,
			);
			name = "lab7 GPSTests";
			productName = "lab7 GPSTests";
			productReference = E2C70E412BA355F200F2ED56 /* lab7 GPSTests.xctest */;
			productType = "com.apple.product-type.bundle.unit-test";
		};
		E2C70E4A2BA355F200F2ED56 /* lab7 GPSUITests */ = {
			isa = PBXNativeTarget;
			buildConfigurationList = E2C70E5B2BA355F200F2ED56 /* Build configuration list for PBXNativeTarget "lab7 GPSUITests" */;
			buildPhases = (
				E2C70E472BA355F200F2ED56 /* Sources */,
				E2C70E482BA355F200F2ED56 /* Frameworks */,
				E2C70E492BA355F200F2ED56 /* Resources */,
			);
			buildRules = (
			);
			dependencies = (
				E2C70E4D2BA355F200F2ED56 /* PBXTargetDependency */,
			);
			name = "lab7 GPSUITests";
			productName = "lab7 GPSUITests";
			productReference = E2C70E4B2BA355F200F2ED56 /* lab7 GPSUITests.xctest */;
			productType = "com.apple.product-type.bundle.ui-testing";
		};
/* End PBXNativeTarget section */

/* Begin PBXProject section */
		E2C70E232BA355F000F2ED56 /* Project object */ = {
			isa = PBXProject;
			attributes = {
				BuildIndependentTargetsInParallel = 1;
				LastSwiftUpdateCheck = 1530;
				LastUpgradeCheck = 1530;
				TargetAttributes = {
					E2C70E2A2BA355F000F2ED56 = {
						CreatedOnToolsVersion = 15.3;
					};
					E2C70E402BA355F200F2ED56 = {
						CreatedOnToolsVersion = 15.3;
						TestTargetID = E2C70E2A2BA355F000F2ED56;
					};
					E2C70E4A2BA355F200F2ED56 = {
						CreatedOnToolsVersion = 15.3;
						TestTargetID = E2C70E2A2BA355F000F2ED56;
					};
				};
			};
			buildConfigurationList = E2C70E262BA355F000F2ED56 /* Build configuration list for PBXProject "lab7 GPS" */;
			compatibilityVersion = "Xcode 14.0";
			developmentRegion = en;
			hasScannedForEncodings = 0;
			knownRegions = (
				en,
				Base,
			);
			mainGroup = E2C70E222BA355F000F2ED56;
			productRefGroup = E2C70E2C2BA355F000F2ED56 /* Products */;
			projectDirPath = "";
			projectRoot = "";
			targets = (
				E2C70E2A2BA355F000F2ED56 /* lab7 GPS */,
				E2C70E402BA355F200F2ED56 /* lab7 GPSTests */,
				E2C70E4A2BA355F200F2ED56 /* lab7 GPSUITests */,
			);
		};
/* End PBXProject section */

/* Begin PBXResourcesBuildPhase section */
		E2C70E292BA355F000F2ED56 /* Resources */ = {
			isa = PBXResourcesBuildPhase;
			buildActionMask = 2147483647;
			files = (
				E2C70E382BA355F200F2ED56 /* Assets.xcassets in Resources */,
				E2C70E3B2BA355F200F2ED56 /* Base in Resources */,
				E2C70E362BA355F000F2ED56 /* Base in Resources */,
			);
			runOnlyForDeploymentPostprocessing = 0;
		};
		E2C70E3F2BA355F200F2ED56 /* Resources */ = {
			isa = PBXResourcesBuildPhase;
			buildActionMask = 2147483647;
			files = (
			);
			runOnlyForDeploymentPostprocessing = 0;
		};
		E2C70E492BA355F200F2ED56 /* Resources */ = {
			isa = PBXResourcesBuildPhase;
			buildActionMask = 2147483647;
			files = (
			);
			runOnlyForDeploymentPostprocessing = 0;
		};
/* End PBXResourcesBuildPhase section */

/* Begin PBXSourcesBuildPhase section */
		E2C70E272BA355F000F2ED56 /* Sources */ = {
			isa = PBXSourcesBuildPhase;
			buildActionMask = 2147483647;
			files = (
				E2C70E332BA355F000F2ED56 /* ViewController.swift in Sources */,
				E2C70E2F2BA355F000F2ED56 /* AppDelegate.swift in Sources */,
				E2C70E312BA355F000F2ED56 /* SceneDelegate.swift in Sources */,
			);
			runOnlyForDeploymentPostprocessing = 0;
		};
		E2C70E3D2BA355F200F2ED56 /* Sources */ = {
			isa = PBXSourcesBuildPhase;
			buildActionMask = 2147483647;
			files = (
				E2C70E462BA355F200F2ED56 /* lab7_GPSTests.swift in Sources */,
			);
			runOnlyForDeploymentPostprocessing = 0;
		};
		E2C70E472BA355F200F2ED56 /* Sources */ = {
			isa = PBXSourcesBuildPhase;
			buildActionMask = 2147483647;
			files = (
				E2C70E522BA355F200F2ED56 /* lab7_GPSUITestsLaunchTests.swift in Sources */,
				E2C70E502BA355F200F2ED56 /* lab7_GPSUITests.swift in Sources */,
			);
			runOnlyForDeploymentPostprocessing = 0;
		};
/* End PBXSourcesBuildPhase section */

/* Begin PBXTargetDependency section */
		E2C70E432BA355F200F2ED56 /* PBXTargetDependency */ = {
			isa = PBXTargetDependency;
			target = E2C70E2A2BA355F000F2ED56 /* lab7 GPS */;
			targetProxy = E2C70E422BA355F200F2ED56 /* PBXContainerItemProxy */;
		};
		E2C70E4D2BA355F200F2ED56 /* PBXTargetDependency */ = {
			isa = PBXTargetDependency;
			target = E2C70E2A2BA355F000F2ED56 /* lab7 GPS */;
			targetProxy = E2C70E4C2BA355F200F2ED56 /* PBXContainerItemProxy */;
		};
/* End PBXTargetDependency section */

/* Begin PBXVariantGroup section */
		E2C70E342BA355F000F2ED56 /* Main.storyboard */ = {
			isa = PBXVariantGroup;
			children = (
				E2C70E352BA355F000F2ED56 /* Base */,
			);
			name = Main.storyboard;
			sourceTree = "<group>";
		};
		E2C70E392BA355F200F2ED56 /* LaunchScreen.storyboard */ = {
			isa = PBXVariantGroup;
			children = (
				E2C70E3A2BA355F200F2ED56 /* Base */,
			);
			name = LaunchScreen.storyboard;
			sourceTree = "<group>";
		};
/* End PBXVariantGroup section */

/* Begin XCBuildConfiguration section */
		E2C70E532BA355F200F2ED56 /* Debug */ = {
			isa = XCBuildConfiguration;
			buildSettings = {
				ALWAYS_SEARCH_USER_PATHS = NO;
				ASSETCATALOG_COMPILER_GENERATE_SWIFT_ASSET_SYMBOL_EXTENSIONS = YES;
				CLANG_ANALYZER_NONNULL = YES;
				CLANG_ANALYZER_NUMBER_OBJECT_CONVERSION = YES_AGGRESSIVE;
				CLANG_CXX_LANGUAGE_STANDARD = "gnu++20";
				CLANG_ENABLE_MODULES = YES;
				CLANG_ENABLE_OBJC_ARC = YES;
				CLANG_ENABLE_OBJC_WEAK = YES;
				CLANG_WARN_BLOCK_CAPTURE_AUTORELEASING = YES;
				CLANG_WARN_BOOL_CONVERSION = YES;
				CLANG_WARN_COMMA = YES;
				CLANG_WARN_CONSTANT_CONVERSION = YES;
				CLANG_WARN_DEPRECATED_OBJC_IMPLEMENTATIONS = YES;
				CLANG_WARN_DIRECT_OBJC_ISA_USAGE = YES_ERROR;
				CLANG_WARN_DOCUMENTATION_COMMENTS = YES;
				CLANG_WARN_EMPTY_BODY = YES;
				CLANG_WARN_ENUM_CONVERSION = YES;
				CLANG_WARN_INFINITE_RECURSION = YES;
				CLANG_WARN_INT_CONVERSION = YES;
				CLANG_WARN_NON_LITERAL_NULL_CONVERSION = YES;
				CLANG_WARN_OBJC_IMPLICIT_RETAIN_SELF = YES;
				CLANG_WARN_OBJC_LITERAL_CONVERSION = YES;
				CLANG_WARN_OBJC_ROOT_CLASS = YES_ERROR;
				CLANG_WARN_QUOTED_INCLUDE_IN_FRAMEWORK_HEADER = YES;
				CLANG_WARN_RANGE_LOOP_ANALYSIS = YES;
				CLANG_WARN_STRICT_PROTOTYPES = YES;
				CLANG_WARN_SUSPICIOUS_MOVE = YES;
				CLANG_WARN_UNGUARDED_AVAILABILITY = YES_AGGRESSIVE;
				CLANG_WARN_UNREACHABLE_CODE = YES;
				CLANG_WARN__DUPLICATE_METHOD_MATCH = YES;
				COPY_PHASE_STRIP = NO;
				DEBUG_INFORMATION_FORMAT = dwarf;
				ENABLE_STRICT_OBJC_MSGSEND = YES;
				ENABLE_TESTABILITY = YES;
				ENABLE_USER_SCRIPT_SANDBOXING = YES;
				GCC_C_LANGUAGE_STANDARD = gnu17;
				GCC_DYNAMIC_NO_PIC = NO;
				GCC_NO_COMMON_BLOCKS = YES;
				GCC_OPTIMIZATION_LEVEL = 0;
				GCC_PREPROCESSOR_DEFINITIONS = (
					"DEBUG=1",
					"$(inherited)",
				);
				GCC_WARN_64_TO_32_BIT_CONVERSION = YES;
				GCC_WARN_ABOUT_RETURN_TYPE = YES_ERROR;
				GCC_WARN_UNDECLARED_SELECTOR = YES;
				GCC_WARN_UNINITIALIZED_AUTOS = YES_AGGRESSIVE;
				GCC_WARN_UNUSED_FUNCTION = YES;
				GCC_WARN_UNUSED_VARIABLE = YES;
				IPHONEOS_DEPLOYMENT_TARGET = 17.4;
				LOCALIZATION_PREFERS_STRING_CATALOGS = YES;
				MTL_ENABLE_DEBUG_INFO = INCLUDE_SOURCE;
				MTL_FAST_MATH = YES;
				ONLY_ACTIVE_ARCH = YES;
				SDKROOT = iphoneos;
				SWIFT_ACTIVE_COMPILATION_CONDITIONS = "DEBUG $(inherited)";
				SWIFT_OPTIMIZATION_LEVEL = "-Onone";
			};
			name = Debug;
		};
		E2C70E542BA355F200F2ED56 /* Release */ = {
			isa = XCBuildConfiguration;
			buildSettings = {
				ALWAYS_SEARCH_USER_PATHS = NO;
				ASSETCATALOG_COMPILER_GENERATE_SWIFT_ASSET_SYMBOL_EXTENSIONS = YES;
				CLANG_ANALYZER_NONNULL = YES;
				CLANG_ANALYZER_NUMBER_OBJECT_CONVERSION = YES_AGGRESSIVE;
				CLANG_CXX_LANGUAGE_STANDARD = "gnu++20";
				CLANG_ENABLE_MODULES = YES;
				CLANG_ENABLE_OBJC_ARC = YES;
				CLANG_ENABLE_OBJC_WEAK = YES;
				CLANG_WARN_BLOCK_CAPTURE_AUTORELEASING = YES;
				CLANG_WARN_BOOL_CONVERSION = YES;
				CLANG_WARN_COMMA = YES;
				CLANG_WARN_CONSTANT_CONVERSION = YES;
				CLANG_WARN_DEPRECATED_OBJC_IMPLEMENTATIONS = YES;
				CLANG_WARN_DIRECT_OBJC_ISA_USAGE = YES_ERROR;
				CLANG_WARN_DOCUMENTATION_COMMENTS = YES;
				CLANG_WARN_EMPTY_BODY = YES;
				CLANG_WARN_ENUM_CONVERSION = YES;
				CLANG_WARN_INFINITE_RECURSION = YES;
				CLANG_WARN_INT_CONVERSION = YES;
				CLANG_WARN_NON_LITERAL_NULL_CONVERSION = YES;
				CLANG_WARN_OBJC_IMPLICIT_RETAIN_SELF = YES;
				CLANG_WARN_OBJC_LITERAL_CONVERSION = YES;
				CLANG_WARN_OBJC_ROOT_CLASS = YES_ERROR;
				CLANG_WARN_QUOTED_INCLUDE_IN_FRAMEWORK_HEADER = YES;
				CLANG_WARN_RANGE_LOOP_ANALYSIS = YES;
				CLANG_WARN_STRICT_PROTOTYPES = YES;
				CLANG_WARN_SUSPICIOUS_MOVE = YES;
				CLANG_WARN_UNGUARDED_AVAILABILITY = YES_AGGRESSIVE;
				CLANG_WARN_UNREACHABLE_CODE = YES;
				CLANG_WARN__DUPLICATE_METHOD_MATCH = YES;
				COPY_PHASE_STRIP = NO;
				DEBUG_INFORMATION_FORMAT = "dwarf-with-dsym";
				ENABLE_NS_ASSERTIONS = NO;
				ENABLE_STRICT_OBJC_MSGSEND = YES;
				ENABLE_USER_SCRIPT_SANDBOXING = YES;
				GCC_C_LANGUAGE_STANDARD = gnu17;
				GCC_NO_COMMON_BLOCKS = YES;
				GCC_WARN_64_TO_32_BIT_CONVERSION = YES;
				GCC_WARN_ABOUT_RETURN_TYPE = YES_ERROR;
				GCC_WARN_UNDECLARED_SELECTOR = YES;
				GCC_WARN_UNINITIALIZED_AUTOS = YES_AGGRESSIVE;
				GCC_WARN_UNUSED_FUNCTION = YES;
				GCC_WARN_UNUSED_VARIABLE = YES;
				IPHONEOS_DEPLOYMENT_TARGET = 17.4;
				LOCALIZATION_PREFERS_STRING_CATALOGS = YES;
				MTL_ENABLE_DEBUG_INFO = NO;
				MTL_FAST_MATH = YES;
				SDKROOT = iphoneos;
				SWIFT_COMPILATION_MODE = wholemodule;
				VALIDATE_PRODUCT = YES;
			};
			name = Release;
		};
		E2C70E562BA355F200F2ED56 /* Debug */ = {
			isa = XCBuildConfiguration;
			buildSettings = {
				ASSETCATALOG_COMPILER_APPICON_NAME = AppIcon;
				ASSETCATALOG_COMPILER_GLOBAL_ACCENT_COLOR_NAME = AccentColor;
				CODE_SIGN_STYLE = Automatic;
				CURRENT_PROJECT_VERSION = 1;
				GENERATE_INFOPLIST_FILE = YES;
				INFOPLIST_FILE = "lab7 GPS/Info.plist";
				INFOPLIST_KEY_UIApplicationSupportsIndirectInputEvents = YES;
				INFOPLIST_KEY_UILaunchStoryboardName = LaunchScreen;
				INFOPLIST_KEY_UIMainStoryboardFile = Main;
				INFOPLIST_KEY_UISupportedInterfaceOrientations_iPad = "UIInterfaceOrientationPortrait UIInterfaceOrientationPortraitUpsideDown UIInterfaceOrientationLandscapeLeft UIInterfaceOrientationLandscapeRight";
				INFOPLIST_KEY_UISupportedInterfaceOrientations_iPhone = "UIInterfaceOrientationPortrait UIInterfaceOrientationLandscapeLeft UIInterfaceOrientationLandscapeRight";
				LD_RUNPATH_SEARCH_PATHS = (
					"$(inherited)",
					"@executable_path/Frameworks",
				);
				MARKETING_VERSION = 1.0;
				PRODUCT_BUNDLE_IDENTIFIER = "Pavan-Savaliya.lab7-GPS";
				PRODUCT_NAME = "$(TARGET_NAME)";
				SWIFT_EMIT_LOC_STRINGS = YES;
				SWIFT_VERSION = 5.0;
				TARGETED_DEVICE_FAMILY = "1,2";
			};
			name = Debug;
		};
		E2C70E572BA355F200F2ED56 /* Release */ = {
			isa = XCBuildConfiguration;
			buildSettings = {
				ASSETCATALOG_COMPILER_APPICON_NAME = AppIcon;
				ASSETCATALOG_COMPILER_GLOBAL_ACCENT_COLOR_NAME = AccentColor;
				CODE_SIGN_STYLE = Automatic;
				CURRENT_PROJECT_VERSION = 1;
				GENERATE_INFOPLIST_FILE = YES;
				INFOPLIST_FILE = "lab7 GPS/Info.plist";
				INFOPLIST_KEY_UIApplicationSupportsIndirectInputEvents = YES;
				INFOPLIST_KEY_UILaunchStoryboardName = LaunchScreen;
				INFOPLIST_KEY_UIMainStoryboardFile = Main;
				INFOPLIST_KEY_UISupportedInterfaceOrientations_iPad = "UIInterfaceOrientationPortrait UIInterfaceOrientationPortraitUpsideDown UIInterfaceOrientationLandscapeLeft UIInterfaceOrientationLandscapeRight";
				INFOPLIST_KEY_UISupportedInterfaceOrientations_iPhone = "UIInterfaceOrientationPortrait UIInterfaceOrientationLandscapeLeft UIInterfaceOrientationLandscapeRight";
				LD_RUNPATH_SEARCH_PATHS = (
					"$(inherited)",
					"@executable_path/Frameworks",
				);
				MARKETING_VERSION = 1.0;
				PRODUCT_BUNDLE_IDENTIFIER = "Pavan-Savaliya.lab7-GPS";
				PRODUCT_NAME = "$(TARGET_NAME)";
				SWIFT_EMIT_LOC_STRINGS = YES;
				SWIFT_VERSION = 5.0;
				TARGETED_DEVICE_FAMILY = "1,2";
			};
			name = Release;
		};
		E2C70E592BA355F200F2ED56 /* Debug */ = {
			isa = XCBuildConfiguration;
			buildSettings = {
				ALWAYS_EMBED_SWIFT_STANDARD_LIBRARIES = YES;
				BUNDLE_LOADER = "$(TEST_HOST)";
				CODE_SIGN_STYLE = Automatic;
				CURRENT_PROJECT_VERSION = 1;
				GENERATE_INFOPLIST_FILE = YES;
				IPHONEOS_DEPLOYMENT_TARGET = 17.4;
				MARKETING_VERSION = 1.0;
				PRODUCT_BUNDLE_IDENTIFIER = "Pavan-Savaliya.lab7-GPSTests";
				PRODUCT_NAME = "$(TARGET_NAME)";
				SWIFT_EMIT_LOC_STRINGS = NO;
				SWIFT_VERSION = 5.0;
				TARGETED_DEVICE_FAMILY = "1,2";
				TEST_HOST = "$(BUILT_PRODUCTS_DIR)/lab7 GPS.app/$(BUNDLE_EXECUTABLE_FOLDER_PATH)/lab7 GPS";
			};
			name = Debug;
		};
		E2C70E5A2BA355F200F2ED56 /* Release */ = {
			isa = XCBuildConfiguration;
			buildSettings = {
				ALWAYS_EMBED_SWIFT_STANDARD_LIBRARIES = YES;
				BUNDLE_LOADER = "$(TEST_HOST)";
				CODE_SIGN_STYLE = Automatic;
				CURRENT_PROJECT_VERSION = 1;
				GENERATE_INFOPLIST_FILE = YES;
				IPHONEOS_DEPLOYMENT_TARGET = 17.4;
				MARKETING_VERSION = 1.0;
				PRODUCT_BUNDLE_IDENTIFIER = "Pavan-Savaliya.lab7-GPSTests";
				PRODUCT_NAME = "$(TARGET_NAME)";
				SWIFT_EMIT_LOC_STRINGS = NO;
				SWIFT_VERSION = 5.0;
				TARGETED_DEVICE_FAMILY = "1,2";
				TEST_HOST = "$(BUILT_PRODUCTS_DIR)/lab7 GPS.app/$(BUNDLE_EXECUTABLE_FOLDER_PATH)/lab7 GPS";
			};
			name = Release;
		};
		E2C70E5C2BA355F200F2ED56 /* Debug */ = {
			isa = XCBuildConfiguration;
			buildSettings = {
				ALWAYS_EMBED_SWIFT_STANDARD_LIBRARIES = YES;
				CODE_SIGN_STYLE = Automatic;
				CURRENT_PROJECT_VERSION = 1;
				GENERATE_INFOPLIST_FILE = YES;
				MARKETING_VERSION = 1.0;
				PRODUCT_BUNDLE_IDENTIFIER = "Pavan-Savaliya.lab7-GPSUITests";
				PRODUCT_NAME = "$(TARGET_NAME)";
				SWIFT_EMIT_LOC_STRINGS = NO;
				SWIFT_VERSION = 5.0;
				TARGETED_DEVICE_FAMILY = "1,2";
				TEST_TARGET_NAME = "lab7 GPS";
			};
			name = Debug;
		};
		E2C70E5D2BA355F200F2ED56 /* Release */ = {
			isa = XCBuildConfiguration;
			buildSettings = {
				ALWAYS_EMBED_SWIFT_STANDARD_LIBRARIES = YES;
				CODE_SIGN_STYLE = Automatic;
				CURRENT_PROJECT_VERSION = 1;
				GENERATE_INFOPLIST_FILE = YES;
				MARKETING_VERSION = 1.0;
				PRODUCT_BUNDLE_IDENTIFIER = "Pavan-Savaliya.lab7-GPSUITests";
				PRODUCT_NAME = "$(TARGET_NAME)";
				SWIFT_EMIT_LOC_STRINGS = NO;
				SWIFT_VERSION = 5.0;
				TARGETED_DEVICE_FAMILY = "1,2";
				TEST_TARGET_NAME = "lab7 GPS";
			};
			name = Release;
		};
/* End XCBuildConfiguration section */

/* Begin XCConfigurationList section */
		E2C70E262BA355F000F2ED56 /* Build configuration list for PBXProject "lab7 GPS" */ = {
			isa = XCConfigurationList;
			buildConfigurations = (
				E2C70E532BA355F200F2ED56 /* Debug */,
				E2C70E542BA355F200F2ED56 /* Release */,
			);
			defaultConfigurationIsVisible = 0;
			defaultConfigurationName = Release;
		};
		E2C70E552BA355F200F2ED56 /* Build configuration list for PBXNativeTarget "lab7 GPS" */ = {
			isa = XCConfigurationList;
			buildConfigurations = (
				E2C70E562BA355F200F2ED56 /* Debug */,
				E2C70E572BA355F200F2ED56 /* Release */,
			);
			defaultConfigurationIsVisible = 0;
			defaultConfigurationName = Release;
		};
		E2C70E582BA355F200F2ED56 /* Build configuration list for PBXNativeTarget "lab7 GPSTests" */ = {
			isa = XCConfigurationList;
			buildConfigurations = (
				E2C70E592BA355F200F2ED56 /* Debug */,
				E2C70E5A2BA355F200F2ED56 /* Release */,
			);
			defaultConfigurationIsVisible = 0;
			defaultConfigurationName = Release;
		};
		E2C70E5B2BA355F200F2ED56 /* Build configuration list for PBXNativeTarget "lab7 GPSUITests" */ = {
			isa = XCConfigurationList;
			buildConfigurations = (
				E2C70E5C2BA355F200F2ED56 /* Debug */,
				E2C70E5D2BA355F200F2ED56 /* Release */,
			);
			defaultConfigurationIsVisible = 0;
			defaultConfigurationName = Release;
		};
/* End XCConfigurationList section */
	};
	rootObject = E2C70E232BA355F000F2ED56 /* Project object */;
}
